
Microsoft Visual Studio Solution File, Format Version 12.00
# Visual Studio 14
VisualStudioVersion = 14.0.25420.1
MinimumVisualStudioVersion = 10.0.40219.1
Project("{5697748A-77EF-44CA-8824-4F5637E5945B}") = "FactorioTas", "FactorioTas.luaproj", "{E439935D-B2A2-46AE-856D-2AA408428F33}"
EndProject
Project("{2150E333-8FDC-42A3-9474-1A3956D46DE8}") = "Build", "Build", "{946B0C09-2BC7-4AA1-984F-64D35BC5FAA4}"
	ProjectSection(SolutionItems) = preProject
		commands.json = commands.json
		DeployToAppdata.bat = DeployToAppdata.bat
		DeployToDesktop.bat = DeployToDesktop.bat
	EndProjectSection
EndProject
Project("{2150E333-8FDC-42A3-9474-1A3956D46DE8}") = "Lib", "Lib", "{D7451DE6-C7B0-4C51-8458-8E963C4B60AA}"
EndProject
Project("{2150E333-8FDC-42A3-9474-1A3956D46DE8}") = "Mods", "Mods", "{260730A5-A55F-475B-861B-3DCA543DA47B}"
EndProject
Global
	GlobalSection(SolutionConfigurationPlatforms) = preSolution
		Debug|Any CPU = Debug|Any CPU
		Release|Any CPU = Release|Any CPU
	EndGlobalSection
	GlobalSection(ProjectConfigurationPlatforms) = postSolution
		{E439935D-B2A2-46AE-856D-2AA408428F33}.Debug|Any CPU.ActiveCfg = Debug|Any CPU
		{E439935D-B2A2-46AE-856D-2AA408428F33}.Debug|Any CPU.Build.0 = Debug|Any CPU
		{E439935D-B2A2-46AE-856D-2AA408428F33}.Release|Any CPU.ActiveCfg = Release|Any CPU
		{E439935D-B2A2-46AE-856D-2AA408428F33}.Release|Any CPU.Build.0 = Release|Any CPU
	EndGlobalSection
	GlobalSection(SolutionProperties) = preSolution
		HideSolutionNode = FALSE
	EndGlobalSection
	GlobalSection(NestedProjects) = preSolution
		{260730A5-A55F-475B-861B-3DCA543DA47B} = {D7451DE6-C7B0-4C51-8458-8E963C4B60AA}
	EndGlobalSection
EndGlobal
